
Microsoft Visual Studio Solution File, Format Version 12.00
# Visual Studio 2013
VisualStudioVersion = 12.0.40629.0
MinimumVisualStudioVersion = 10.0.40219.1
Project("{8BC9CEB8-8B4A-11D0-8D11-00A0C91BC942}") = "HangMan", "HangMan.vcxproj", "{EBD9DD0C-C901-42E9-80F8-F3BE3B4F811E}"
EndProject
Global
	GlobalSection(SolutionConfigurationPlatforms) = preSolution
		Debug|Win32 = Debug|Win32
		Release|Win32 = Release|Win32
	EndGlobalSection
	GlobalSection(ProjectConfigurationPlatforms) = postSolution
		{EBD9DD0C-C901-42E9-80F8-F3BE3B4F811E}.Debug|Win32.ActiveCfg = Debug|Win32
		{EBD9DD0C-C901-42E9-80F8-F3BE3B4F811E}.Debug|Win32.Build.0 = Debug|Win32
		{EBD9DD0C-C901-42E9-80F8-F3BE3B4F811E}.Release|Win32.ActiveCfg = Release|Win32
		{EBD9DD0C-C901-42E9-80F8-F3BE3B4F811E}.Release|Win32.Build.0 = Release|Win32
	EndGlobalSection
	GlobalSection(SolutionProperties) = preSolution
		HideSolutionNode = FALSE
	EndGlobalSection
EndGlobal
